github.com/google/uuid v1.1.2 h1:EVhdT+1Kseyi1/pUmXKaFxYsDNy9RQYkMWRH68J/W7Y=
github.com/google/uuid v1.1.2/go.mod h1:TIyPZe4MgqvfeYDBFedMoGGpEw/LqOeaOT+nhxU+yHo=
github.com/olomix/go-request-id v0.0.1 h1:xLOLiDRESEOLlpy4ebIjlXc44HdEm07G+BkqkJTJIE0=
github.com/olomix/go-request-id v0.0.1/go.mod h1:rpvP/tKaXH2MPb0V8OYT4j97TINfcLvBAUY2v7Q6VNo=
